
Microsoft Visual Studio Solution File, Format Version 12.00
# Visual Studio 15
VisualStudioVersion = 15.0.27130.2010
MinimumVisualStudioVersion = 10.0.40219.1
Project("{FAE04EC0-301F-11D3-BF4B-00C04F79EFBC}") = "Eavesdrop", "Eavesdrop\Eavesdrop.csproj", "{29AB109A-8343-45A9-A91E-0F54211FDD45}"
EndProject
Project("{FAE04EC0-301F-11D3-BF4B-00C04F79EFBC}") = "Eavesdrop.Sandbox", "Eavesdrop.Sandbox\Eavesdrop.Sandbox.csproj", "{1F8CB27E-385F-4691-A495-24AB0D7A46FA}"
EndProject
Global
	GlobalSection(SolutionConfigurationPlatforms) = preSolution
		Debug|Any CPU = Debug|Any CPU
		Release|Any CPU = Release|Any CPU
	EndGlobalSection
	GlobalSection(ProjectConfigurationPlatforms) = postSolution
		{29AB109A-8343-45A9-A91E-0F54211FDD45}.Debug|Any CPU.ActiveCfg = Debug|Any CPU
		{29AB109A-8343-45A9-A91E-0F54211FDD45}.Debug|Any CPU.Build.0 = Debug|Any CPU
		{29AB109A-8343-45A9-A91E-0F54211FDD45}.Release|Any CPU.ActiveCfg = Release|Any CPU
		{29AB109A-8343-45A9-A91E-0F54211FDD45}.Release|Any CPU.Build.0 = Release|Any CPU
		{1F8CB27E-385F-4691-A495-24AB0D7A46FA}.Debug|Any CPU.ActiveCfg = Debug|Any CPU
		{1F8CB27E-385F-4691-A495-24AB0D7A46FA}.Debug|Any CPU.Build.0 = Debug|Any CPU
		{1F8CB27E-385F-4691-A495-24AB0D7A46FA}.Release|Any CPU.ActiveCfg = Release|Any CPU
		{1F8CB27E-385F-4691-A495-24AB0D7A46FA}.Release|Any CPU.Build.0 = Release|Any CPU
	EndGlobalSection
	GlobalSection(SolutionProperties) = preSolution
		HideSolutionNode = FALSE
	EndGlobalSection
	GlobalSection(ExtensibilityGlobals) = postSolution
		SolutionGuid = {2AA57922-A888-4B09-91D8-39AA5428D5D0}
	EndGlobalSection
EndGlobal
