
Microsoft Visual Studio Solution File, Format Version 12.00
# Visual Studio 15
VisualStudioVersion = 15.0.27004.2006
MinimumVisualStudioVersion = 10.0.40219.1
Project("{FAE04EC0-301F-11D3-BF4B-00C04F79EFBC}") = "Eavesdrop", "Eavesdrop\Eavesdrop.csproj", "{DE239471-7950-4049-9B92-3C1A4C4CA063}"
EndProject
Global
	GlobalSection(SolutionConfigurationPlatforms) = preSolution
		Debug|Any CPU = Debug|Any CPU
		Release|Any CPU = Release|Any CPU
	EndGlobalSection
	GlobalSection(ProjectConfigurationPlatforms) = postSolution
		{DE239471-7950-4049-9B92-3C1A4C4CA063}.Debug|Any CPU.ActiveCfg = Debug|Any CPU
		{DE239471-7950-4049-9B92-3C1A4C4CA063}.Debug|Any CPU.Build.0 = Debug|Any CPU
		{DE239471-7950-4049-9B92-3C1A4C4CA063}.Release|Any CPU.ActiveCfg = Release|Any CPU
		{DE239471-7950-4049-9B92-3C1A4C4CA063}.Release|Any CPU.Build.0 = Release|Any CPU
	EndGlobalSection
	GlobalSection(SolutionProperties) = preSolution
		HideSolutionNode = FALSE
	EndGlobalSection
	GlobalSection(ExtensibilityGlobals) = postSolution
		SolutionGuid = {30F9EA54-5A81-4673-9325-1E1653DC04A5}
	EndGlobalSection
EndGlobal
