
Microsoft Visual Studio Solution File, Format Version 12.00
# Visual Studio 14
VisualStudioVersion = 14.0.25420.1
MinimumVisualStudioVersion = 10.0.40219.1
Project("{FAE04EC0-301F-11D3-BF4B-00C04F79EFBC}") = "Eavesdrop", "Eavesdrop\Eavesdrop.csproj", "{CED1943A-E9B4-46B6-A887-54BCB0DD406B}"
EndProject
Project("{FAE04EC0-301F-11D3-BF4B-00C04F79EFBC}") = "Eavesdrop.Example", "Eavesdrop.Example\Eavesdrop.Example.csproj", "{49B7845F-8D3A-4915-B8E0-6EAFCC929571}"
EndProject
Global
	GlobalSection(SolutionConfigurationPlatforms) = preSolution
		Debug|Any CPU = Debug|Any CPU
		Release|Any CPU = Release|Any CPU
	EndGlobalSection
	GlobalSection(ProjectConfigurationPlatforms) = postSolution
		{CED1943A-E9B4-46B6-A887-54BCB0DD406B}.Debug|Any CPU.ActiveCfg = Debug|Any CPU
		{CED1943A-E9B4-46B6-A887-54BCB0DD406B}.Debug|Any CPU.Build.0 = Debug|Any CPU
		{CED1943A-E9B4-46B6-A887-54BCB0DD406B}.Release|Any CPU.ActiveCfg = Release|Any CPU
		{CED1943A-E9B4-46B6-A887-54BCB0DD406B}.Release|Any CPU.Build.0 = Release|Any CPU
		{49B7845F-8D3A-4915-B8E0-6EAFCC929571}.Debug|Any CPU.ActiveCfg = Debug|Any CPU
		{49B7845F-8D3A-4915-B8E0-6EAFCC929571}.Debug|Any CPU.Build.0 = Debug|Any CPU
		{49B7845F-8D3A-4915-B8E0-6EAFCC929571}.Release|Any CPU.ActiveCfg = Release|Any CPU
		{49B7845F-8D3A-4915-B8E0-6EAFCC929571}.Release|Any CPU.Build.0 = Release|Any CPU
	EndGlobalSection
	GlobalSection(SolutionProperties) = preSolution
		HideSolutionNode = FALSE
	EndGlobalSection
EndGlobal
